{
    "_readme": [
        "This file locks the dependencies of your project to a known state",
        "Read more about it at http://getcomposer.org/doc/01-basic-usage.md#composer-lock-the-lock-file",
        "This file is @generated automatically"
    ],
    "hash": "c8987e96cd4b9032d9cfe7134eb6629c",
    "packages": [
        {
            "name": "cybermonde/odtphp",
            "version": "1.0.3",
            "source": {
                "type": "git",
                "url": "https://github.com/kdubuc/odtphp.git",
                "reference": "95a259fb341288f513e9a79ae4fe3b366a5c654e"
            },
            "dist": {
                "type": "zip",
                "url": "https://api.github.com/repos/kdubuc/odtphp/zipball/95a259fb341288f513e9a79ae4fe3b366a5c654e",
                "reference": "95a259fb341288f513e9a79ae4fe3b366a5c654e",
                "shasum": ""
            },
            "require": {
                "php": ">=5.2.4"
            },
            "type": "library",
            "autoload": {
                "psr-0": {
                    "Odf": "library"
                }
            },
            "include-path": [
                ""
            ],
            "description": "Générateur de document ODT à partir de PHP",
            "homepage": "https://github.com/cybermonde/odtphp",
            "keywords": [
                "odt",
                "php"
            ],
            "support": {
                "source": "https://github.com/kdubuc/odtphp/tree/1.0.3"
            },
            "time": "2014-06-30 14:48:03"
        },
        {
            "name": "kdubuc/gd_resize",
            "version": "1.0",
            "source": {
                "type": "git",
                "url": "https://github.com/kdubuc/gd_resize.git",
                "reference": "27fc61f943f13a76d76b778d9d4827c29621c6c5"
            },
            "dist": {
                "type": "zip",
                "url": "https://api.github.com/repos/kdubuc/gd_resize/zipball/27fc61f943f13a76d76b778d9d4827c29621c6c5",
                "reference": "27fc61f943f13a76d76b778d9d4827c29621c6c5",
                "shasum": ""
            },
            "require": {
                "ext-exif": "*",
                "ext-gd": "*",
                "php": ">=5.3"
            },
            "type": "library",
            "autoload": {
                "psr-0": {
                    "GD": "library"
                }
            },
            "notification-url": "https://packagist.org/downloads/",
            "license": [
                "MIT"
            ],
            "authors": [
                {
                    "name": "Kévin DUBUC",
                    "email": "kevindubuc62@gmail.com"
                }
            ],
            "description": "PHP Class to resize images with GD.",
            "homepage": "https://github.com/kdubuc/gd_resize",
            "keywords": [
                "gd",
                "resize"
            ],
            "time": "2014-06-30 12:26:10"
        },
        {
            "name": "league/flysystem",
            "version": "0.5.3",
            "source": {
                "type": "git",
                "url": "https://github.com/thephpleague/flysystem.git",
                "reference": "305a64e3407cc8cc5e8d5657ce151bb159885ccb"
            },
            "dist": {
                "type": "zip",
                "url": "https://api.github.com/repos/thephpleague/flysystem/zipball/305a64e3407cc8cc5e8d5657ce151bb159885ccb",
                "reference": "305a64e3407cc8cc5e8d5657ce151bb159885ccb",
                "shasum": ""
            },
            "require": {
                "php": ">=5.4.0"
            },
            "require-dev": {
                "aws/aws-sdk-php": "~2.4",
                "dropbox/dropbox-sdk": "~1.1.1",
                "league/event": "~0.2.0",
                "league/phpunit-coverage-listener": "~1.1",
                "mockery/mockery": "~0.9@dev",
                "phpseclib/phpseclib": "~0.3.5",
                "phpunit/phpunit": "~4.0",
                "predis/predis": "~0.8.4",
                "rackspace/php-opencloud": "~1.9.1",
                "sabre/dav": "~2.0.2"
            },
            "suggest": {
                "aws/aws-sdk-php": "Allows you to use AWS S3 storage",
                "dropbox/dropbox-sdk": "Allows you to use Dropbox storage",
                "league/event": "Required for EventableFilesystem",
                "phpseclib/phpseclib": "Allows SFTP server storage",
                "predis/predis": "Allows you to use Predis for caching",
                "rackspace/php-opencloud": "Allows you to use Rackspace Cloud Files",
                "sabre/dav": "Enables WebDav support"
            },
            "type": "library",
            "extra": {
                "branch-alias": {
                    "dev-master": "0.5-dev"
                }
            },
            "autoload": {
                "psr-4": {
                    "League\\Flysystem\\": "src/"
                }
            },
            "notification-url": "https://packagist.org/downloads/",
            "license": [
                "MIT"
            ],
            "authors": [
                {
                    "name": "Frank de Jonge",
                    "email": "info@frenky.net"
                }
            ],
            "description": "Filesystem abstraction, but easy.",
            "keywords": [
                "WebDAV",
                "aws",
                "dropbox",
                "filesystem",
                "ftp",
                "remote",
                "s3",
                "sftp"
            ],
            "time": "2014-07-25 11:46:12"
        },
        {
            "name": "monolog/monolog",
            "version": "1.10.0",
            "source": {
                "type": "git",
                "url": "https://github.com/Seldaek/monolog.git",
                "reference": "25b16e801979098cb2f120e697bfce454b18bf23"
            },
            "dist": {
                "type": "zip",
                "url": "https://api.github.com/repos/Seldaek/monolog/zipball/25b16e801979098cb2f120e697bfce454b18bf23",
                "reference": "25b16e801979098cb2f120e697bfce454b18bf23",
                "shasum": ""
            },
            "require": {
                "php": ">=5.3.0",
                "psr/log": "~1.0"
            },
            "require-dev": {
                "aws/aws-sdk-php": "~2.4, >2.4.8",
                "doctrine/couchdb": "~1.0@dev",
                "graylog2/gelf-php": "~1.0",
                "phpunit/phpunit": "~3.7.0",
                "raven/raven": "~0.5",
                "ruflin/elastica": "0.90.*"
            },
            "suggest": {
                "aws/aws-sdk-php": "Allow sending log messages to AWS services like DynamoDB",
                "doctrine/couchdb": "Allow sending log messages to a CouchDB server",
                "ext-amqp": "Allow sending log messages to an AMQP server (1.0+ required)",
                "ext-mongo": "Allow sending log messages to a MongoDB server",
                "graylog2/gelf-php": "Allow sending log messages to a GrayLog2 server",
                "raven/raven": "Allow sending log messages to a Sentry server",
                "rollbar/rollbar": "Allow sending log messages to Rollbar",
                "ruflin/elastica": "Allow sending log messages to an Elastic Search server"
            },
            "type": "library",
            "extra": {
                "branch-alias": {
                    "dev-master": "1.10.x-dev"
                }
            },
            "autoload": {
                "psr-4": {
                    "Monolog\\": "src/Monolog"
                }
            },
            "notification-url": "https://packagist.org/downloads/",
            "license": [
                "MIT"
            ],
            "authors": [
                {
                    "name": "Jordi Boggiano",
                    "email": "j.boggiano@seld.be",
                    "homepage": "http://seld.be",
                    "role": "Developer"
                }
            ],
            "description": "Sends your logs to files, sockets, inboxes, databases and various web services",
            "homepage": "http://github.com/Seldaek/monolog",
            "keywords": [
                "log",
                "logging",
                "psr-3"
            ],
            "time": "2014-06-04 16:30:04"
        },
        {
            "name": "phpseclib/phpseclib",
            "version": "0.3.7",
            "source": {
                "type": "git",
                "url": "https://github.com/phpseclib/phpseclib.git",
                "reference": "8b8c62f278e363b75ddcacaf5803710232fbd3e4"
            },
            "dist": {
                "type": "zip",
                "url": "https://api.github.com/repos/phpseclib/phpseclib/zipball/8b8c62f278e363b75ddcacaf5803710232fbd3e4",
                "reference": "8b8c62f278e363b75ddcacaf5803710232fbd3e4",
                "shasum": ""
            },
            "require": {
                "php": ">=5.0.0"
            },
            "require-dev": {
                "phing/phing": "2.7.*",
                "phpunit/phpunit": "4.0.*",
                "squizlabs/php_codesniffer": "1.*"
            },
            "suggest": {
                "ext-gmp": "Install the GMP (GNU Multiple Precision) extension in order to speed up arbitrary precision integer arithmetic operations.",
                "ext-mcrypt": "Install the Mcrypt extension in order to speed up a wide variety of cryptographic operations.",
                "pear-pear/PHP_Compat": "Install PHP_Compat to get phpseclib working on PHP < 4.3.3."
            },
            "type": "library",
            "extra": {
                "branch-alias": {
                    "dev-master": "0.3-dev"
                }
            },
            "autoload": {
                "psr-0": {
                    "Crypt": "phpseclib/",
                    "File": "phpseclib/",
                    "Math": "phpseclib/",
                    "Net": "phpseclib/",
                    "System": "phpseclib/"
                },
                "files": [
                    "phpseclib/Crypt/Random.php"
                ]
            },
            "notification-url": "https://packagist.org/downloads/",
            "include-path": [
                "phpseclib/"
            ],
            "license": [
                "MIT"
            ],
            "authors": [
                {
                    "name": "Jim Wigginton",
                    "email": "terrafrost@php.net",
                    "role": "Lead Developer"
                },
                {
                    "name": "Patrick Monnerat",
                    "email": "pm@datasphere.ch",
                    "role": "Developer"
                },
                {
                    "name": "Andreas Fischer",
                    "email": "bantu@phpbb.com",
                    "role": "Developer"
                },
                {
                    "name": "Hans-Jürgen Petrich",
                    "email": "petrich@tronic-media.com",
                    "role": "Developer"
                }
            ],
            "description": "PHP Secure Communications Library - Pure-PHP implementations of RSA, AES, SSH2, SFTP, X.509 etc.",
            "homepage": "http://phpseclib.sourceforge.net",
            "keywords": [
                "BigInteger",
                "aes",
                "asn.1",
                "asn1",
                "blowfish",
                "crypto",
                "cryptography",
                "encryption",
                "rsa",
                "security",
                "sftp",
                "signature",
                "signing",
                "ssh",
                "twofish",
                "x.509",
                "x509"
            ],
            "time": "2014-07-05 16:36:21"
        },
        {
            "name": "psr/log",
            "version": "1.0.0",
            "source": {
                "type": "git",
                "url": "https://github.com/php-fig/log.git",
                "reference": "fe0936ee26643249e916849d48e3a51d5f5e278b"
            },
            "dist": {
                "type": "zip",
                "url": "https://api.github.com/repos/php-fig/log/zipball/fe0936ee26643249e916849d48e3a51d5f5e278b",
                "reference": "fe0936ee26643249e916849d48e3a51d5f5e278b",
                "shasum": ""
            },
            "type": "library",
            "autoload": {
                "psr-0": {
                    "Psr\\Log\\": ""
                }
            },
            "notification-url": "https://packagist.org/downloads/",
            "license": [
                "MIT"
            ],
            "authors": [
                {
                    "name": "PHP-FIG",
                    "homepage": "http://www.php-fig.org/"
                }
            ],
            "description": "Common interface for logging libraries",
            "keywords": [
                "log",
                "psr",
                "psr-3"
            ],
            "time": "2012-12-21 11:40:51"
        },
        {
            "name": "sdis62/toolbox",
            "version": "1.0.2",
            "source": {
                "type": "git",
                "url": "https://github.com/SDIS62/toolbox.git",
                "reference": "3e41676a67a3eee1efcfcbf612e964d9fb4a4274"
            },
            "dist": {
                "type": "zip",
                "url": "https://api.github.com/repos/SDIS62/toolbox/zipball/3e41676a67a3eee1efcfcbf612e964d9fb4a4274",
                "reference": "3e41676a67a3eee1efcfcbf612e964d9fb4a4274",
                "shasum": ""
            },
            "require": {
                "php": ">=5.3",
                "zendframework/zendframework1": "1.*"
            },
            "type": "library",
            "autoload": {
                "psr-0": {
                    "SDIS62": "library"
                }
            },
            "notification-url": "https://packagist.org/downloads/",
            "include-path": [
                ""
            ],
            "license": [
                "MIT"
            ],
            "authors": [
                {
                    "name": "Kévin DUBUC",
                    "email": "kevindubuc62@gmail.com"
                }
            ],
            "description": "SDIS 62 PHP library.",
            "homepage": "https://github.com/SDIS62/toolbox",
            "keywords": [
                "library",
                "zend"
            ],
            "time": "2014-07-31 08:05:09"
        },
        {
            "name": "zendframework/zendframework1",
            "version": "1.12.7",
            "source": {
                "type": "git",
                "url": "https://github.com/zendframework/zf1.git",
                "reference": "bf3e8b557a5cef1b3f3c99636f8cdd93f884812a"
            },
            "dist": {
                "type": "zip",
                "url": "https://api.github.com/repos/zendframework/zf1/zipball/bf3e8b557a5cef1b3f3c99636f8cdd93f884812a",
                "reference": "bf3e8b557a5cef1b3f3c99636f8cdd93f884812a",
                "shasum": ""
            },
            "require": {
                "php": ">=5.2.11"
            },
            "require-dev": {
                "phpunit/dbunit": "1.3.*",
                "phpunit/phpunit": "3.7.*"
            },
            "type": "library",
            "extra": {
                "branch-alias": {
                    "dev-master": "1.12.x-dev"
                }
            },
            "autoload": {
                "psr-0": {
                    "Zend_": "library/"
                }
            },
            "notification-url": "https://packagist.org/downloads/",
            "include-path": [
                "library/"
            ],
            "license": [
                "BSD-3-Clause"
            ],
            "description": "Zend Framework 1",
            "homepage": "http://framework.zend.com/",
            "keywords": [
                "ZF1",
                "framework"
            ],
            "time": "2014-06-12 16:20:25"
        }
    ],
    "packages-dev": [
        {
            "name": "beelab/bowerphp",
            "version": "v0.1.9-alpha",
            "source": {
                "type": "git",
                "url": "https://github.com/Bee-Lab/bowerphp.git",
                "reference": "792e28bcf36f2ea38bfa589a36891b1b3f5dad0a"
            },
            "dist": {
                "type": "zip",
                "url": "https://api.github.com/repos/Bee-Lab/bowerphp/zipball/792e28bcf36f2ea38bfa589a36891b1b3f5dad0a",
                "reference": "792e28bcf36f2ea38bfa589a36891b1b3f5dad0a",
                "shasum": ""
            },
            "require": {
                "camspiers/json-pretty": "1.0.*",
                "doctrine/cache": "~1.3",
                "ext-zip": "*",
                "guzzle/guzzle": "3.8.*",
                "php": ">=5.3.2",
                "symfony/console": "~2.3",
                "symfony/filesystem": "~2.1",
                "symfony/finder": "~2.2",
                "symfony/process": "~2.1"
            },
            "require-dev": {
                "ext-phar": "*",
                "mockery/mockery": "0.9.*",
                "phpunit/phpunit": "4.1.*"
            },
            "bin": [
                "bin/bowerphp"
            ],
            "type": "library",
            "extra": {
                "branch-alias": {
                    "dev-master": "1.0-dev"
                }
            },
            "autoload": {
                "psr-0": {
                    "Bowerphp": "src/"
                }
            },
            "notification-url": "https://packagist.org/downloads/",
            "license": [
                "MIT"
            ],
            "authors": [
                {
                    "name": "Massimiliano Arione",
                    "email": "massimiliano.arione@bee-lab.net"
                },
                {
                    "name": "Mauro D'Alatri",
                    "email": "mauro.dalatri@bee-lab.net"
                }
            ],
            "description": "An implementation of bower in PHP",
            "homepage": "http://bowerphp.org/",
            "keywords": [
                "dependency",
                "frontend",
                "package"
            ],
            "time": "2014-06-06 08:28:13"
        },
        {
            "name": "camspiers/json-pretty",
            "version": "1.0.0",
            "source": {
                "type": "git",
                "url": "https://github.com/camspiers/json-pretty.git",
                "reference": "2378ac3e8e798e9c55bd3c194238cde35af93817"
            },
            "dist": {
                "type": "zip",
                "url": "https://api.github.com/repos/camspiers/json-pretty/zipball/2378ac3e8e798e9c55bd3c194238cde35af93817",
                "reference": "2378ac3e8e798e9c55bd3c194238cde35af93817",
                "shasum": ""
            },
            "require-dev": {
                "phpunit/phpunit": "3.7.*"
            },
            "suggest": {
                "pimple/pimple": "Useful for dependency injection"
            },
            "type": "library",
            "autoload": {
                "psr-0": {
                    "Camspiers": "src/"
                }
            },
            "notification-url": "https://packagist.org/downloads/",
            "license": [
                "MIT"
            ],
            "authors": [
                {
                    "name": "Cam Spiers",
                    "email": "cameron@heyday.co.nz",
                    "homepage": "https://github.com/camspiers/",
                    "role": "Developer"
                }
            ],
            "description": "Provides support for json pretty printing in php 5.3",
            "time": "2014-01-24 12:31:00"
        },
        {
            "name": "doctrine/cache",
            "version": "v1.3.0",
            "source": {
                "type": "git",
                "url": "https://github.com/doctrine/cache.git",
                "reference": "e16d7adf45664a50fa86f515b6d5e7f670130449"
            },
            "dist": {
                "type": "zip",
                "url": "https://api.github.com/repos/doctrine/cache/zipball/e16d7adf45664a50fa86f515b6d5e7f670130449",
                "reference": "e16d7adf45664a50fa86f515b6d5e7f670130449",
                "shasum": ""
            },
            "require": {
                "php": ">=5.3.2"
            },
            "conflict": {
                "doctrine/common": ">2.2,<2.4"
            },
            "require-dev": {
                "phpunit/phpunit": ">=3.7",
                "satooshi/php-coveralls": "~0.6"
            },
            "type": "library",
            "extra": {
                "branch-alias": {
                    "dev-master": "1.0.x-dev"
                }
            },
            "autoload": {
                "psr-0": {
                    "Doctrine\\Common\\Cache\\": "lib/"
                }
            },
            "notification-url": "https://packagist.org/downloads/",
            "license": [
                "MIT"
            ],
            "authors": [
                {
                    "name": "Jonathan Wage",
                    "email": "jonwage@gmail.com",
                    "homepage": "http://www.jwage.com/",
                    "role": "Creator"
                },
                {
                    "name": "Guilherme Blanco",
                    "email": "guilhermeblanco@gmail.com",
                    "homepage": "http://www.instaclick.com"
                },
                {
                    "name": "Roman Borschel",
                    "email": "roman@code-factory.org"
                },
                {
                    "name": "Benjamin Eberlei",
                    "email": "kontakt@beberlei.de"
                },
                {
                    "name": "Johannes Schmitt",
                    "email": "schmittjoh@gmail.com",
                    "homepage": "https://github.com/schmittjoh",
                    "role": "Developer of wrapped JMSSerializerBundle"
                }
            ],
            "description": "Caching library offering an object-oriented API for many cache backends",
            "homepage": "http://www.doctrine-project.org",
            "keywords": [
                "cache",
                "caching"
            ],
            "time": "2013-10-25 19:04:14"
        },
        {
            "name": "fabpot/php-cs-fixer",
            "version": "dev-master",
            "source": {
                "type": "git",
                "url": "https://github.com/fabpot/PHP-CS-Fixer.git",
                "reference": "85d8f69bee216a30397c84b9f42c7328d1276d42"
            },
            "dist": {
                "type": "zip",
                "url": "https://api.github.com/repos/fabpot/PHP-CS-Fixer/zipball/85d8f69bee216a30397c84b9f42c7328d1276d42",
                "reference": "85d8f69bee216a30397c84b9f42c7328d1276d42",
                "shasum": ""
            },
            "require": {
                "php": ">=5.3.6",
                "sebastian/diff": "1.1.*",
                "symfony/console": "~2.1",
                "symfony/filesystem": "~2.1",
                "symfony/finder": "~2.1"
            },
            "bin": [
                "php-cs-fixer"
            ],
            "type": "application",
            "extra": {
                "branch-alias": {
                    "dev-master": "0.5.x-dev"
                }
            },
            "autoload": {
                "psr-0": {
                    "Symfony\\CS": "."
                }
            },
            "notification-url": "https://packagist.org/downloads/",
            "license": [
                "MIT"
            ],
            "authors": [
                {
                    "name": "Fabien Potencier",
                    "email": "fabien@symfony.com"
                }
            ],
            "description": "A script to automatically fix Symfony Coding Standard",
            "time": "2014-07-29 18:07:04"
        },
        {
            "name": "guzzle/guzzle",
            "version": "v3.8.1",
            "source": {
                "type": "git",
                "url": "https://github.com/guzzle/guzzle.git",
                "reference": "4de0618a01b34aa1c8c33a3f13f396dcd3882eba"
            },
            "dist": {
                "type": "zip",
                "url": "https://api.github.com/repos/guzzle/guzzle/zipball/4de0618a01b34aa1c8c33a3f13f396dcd3882eba",
                "reference": "4de0618a01b34aa1c8c33a3f13f396dcd3882eba",
                "shasum": ""
            },
            "require": {
                "ext-curl": "*",
                "php": ">=5.3.3",
                "symfony/event-dispatcher": ">=2.1"
            },
            "replace": {
                "guzzle/batch": "self.version",
                "guzzle/cache": "self.version",
                "guzzle/common": "self.version",
                "guzzle/http": "self.version",
                "guzzle/inflection": "self.version",
                "guzzle/iterator": "self.version",
                "guzzle/log": "self.version",
                "guzzle/parser": "self.version",
                "guzzle/plugin": "self.version",
                "guzzle/plugin-async": "self.version",
                "guzzle/plugin-backoff": "self.version",
                "guzzle/plugin-cache": "self.version",
                "guzzle/plugin-cookie": "self.version",
                "guzzle/plugin-curlauth": "self.version",
                "guzzle/plugin-error-response": "self.version",
                "guzzle/plugin-history": "self.version",
                "guzzle/plugin-log": "self.version",
                "guzzle/plugin-md5": "self.version",
                "guzzle/plugin-mock": "self.version",
                "guzzle/plugin-oauth": "self.version",
                "guzzle/service": "self.version",
                "guzzle/stream": "self.version"
            },
            "require-dev": {
                "doctrine/cache": "*",
                "monolog/monolog": "1.*",
                "phpunit/phpunit": "3.7.*",
                "psr/log": "1.0.*",
                "symfony/class-loader": "*",
                "zendframework/zend-cache": "<2.3",
                "zendframework/zend-log": "<2.3"
            },
            "type": "library",
            "extra": {
                "branch-alias": {
                    "dev-master": "3.8-dev"
                }
            },
            "autoload": {
                "psr-0": {
                    "Guzzle": "src/",
                    "Guzzle\\Tests": "tests/"
                }
            },
            "notification-url": "https://packagist.org/downloads/",
            "license": [
                "MIT"
            ],
            "authors": [
                {
                    "name": "Michael Dowling",
                    "email": "mtdowling@gmail.com",
                    "homepage": "https://github.com/mtdowling"
                },
                {
                    "name": "Guzzle Community",
                    "homepage": "https://github.com/guzzle/guzzle/contributors"
                }
            ],
            "description": "Guzzle is a PHP HTTP client library and framework for building RESTful web service clients",
            "homepage": "http://guzzlephp.org/",
            "keywords": [
                "client",
                "curl",
                "framework",
                "http",
                "http client",
                "rest",
                "web service"
            ],
            "time": "2014-01-28 22:29:15"
        },
        {
            "name": "sebastian/diff",
            "version": "1.1.0",
            "source": {
                "type": "git",
                "url": "https://github.com/sebastianbergmann/diff.git",
                "reference": "1e091702a5a38e6b4c1ba9ca816e3dd343df2e2d"
            },
            "dist": {
                "type": "zip",
                "url": "https://api.github.com/repos/sebastianbergmann/diff/zipball/1e091702a5a38e6b4c1ba9ca816e3dd343df2e2d",
                "reference": "1e091702a5a38e6b4c1ba9ca816e3dd343df2e2d",
                "shasum": ""
            },
            "require": {
                "php": ">=5.3.3"
            },
            "type": "library",
            "extra": {
                "branch-alias": {
                    "dev-master": "1.1-dev"
                }
            },
            "autoload": {
                "classmap": [
                    "src/"
                ]
            },
            "notification-url": "https://packagist.org/downloads/",
            "license": [
                "BSD-3-Clause"
            ],
            "authors": [
                {
                    "name": "Sebastian Bergmann",
                    "email": "sebastian@phpunit.de",
                    "role": "lead"
                },
                {
                    "name": "Kore Nordmann",
                    "email": "mail@kore-nordmann.de"
                }
            ],
            "description": "Diff implementation",
            "homepage": "http://www.github.com/sebastianbergmann/diff",
            "keywords": [
                "diff"
            ],
            "time": "2013-08-03 16:46:33"
        },
        {
            "name": "symfony/console",
            "version": "v2.5.2",
            "target-dir": "Symfony/Component/Console",
            "source": {
                "type": "git",
                "url": "https://github.com/symfony/Console.git",
                "reference": "386fa63407805959bd2c5fe540294721ad4224c8"
            },
            "dist": {
                "type": "zip",
                "url": "https://api.github.com/repos/symfony/Console/zipball/386fa63407805959bd2c5fe540294721ad4224c8",
                "reference": "386fa63407805959bd2c5fe540294721ad4224c8",
                "shasum": ""
            },
            "require": {
                "php": ">=5.3.3"
            },
            "require-dev": {
                "psr/log": "~1.0",
                "symfony/event-dispatcher": "~2.1"
            },
            "suggest": {
                "psr/log": "For using the console logger",
                "symfony/event-dispatcher": ""
            },
            "type": "library",
            "extra": {
                "branch-alias": {
                    "dev-master": "2.5-dev"
                }
            },
            "autoload": {
                "psr-0": {
                    "Symfony\\Component\\Console\\": ""
                }
            },
            "notification-url": "https://packagist.org/downloads/",
            "license": [
                "MIT"
            ],
            "authors": [
                {
                    "name": "Fabien Potencier",
                    "email": "fabien@symfony.com",
                    "homepage": "http://fabien.potencier.org",
                    "role": "Lead Developer"
                },
                {
                    "name": "Symfony Community",
                    "homepage": "http://symfony.com/contributors"
                }
            ],
            "description": "Symfony Console Component",
            "homepage": "http://symfony.com",
            "time": "2014-07-15 14:15:12"
        },
        {
            "name": "symfony/event-dispatcher",
            "version": "v2.5.2",
            "target-dir": "Symfony/Component/EventDispatcher",
            "source": {
                "type": "git",
                "url": "https://github.com/symfony/EventDispatcher.git",
                "reference": "2215d2ef6fd7ab24d55576a3d924df575c741762"
            },
            "dist": {
                "type": "zip",
                "url": "https://api.github.com/repos/symfony/EventDispatcher/zipball/2215d2ef6fd7ab24d55576a3d924df575c741762",
                "reference": "2215d2ef6fd7ab24d55576a3d924df575c741762",
                "shasum": ""
            },
            "require": {
                "php": ">=5.3.3"
            },
            "require-dev": {
                "psr/log": "~1.0",
                "symfony/config": "~2.0",
                "symfony/dependency-injection": "~2.0",
                "symfony/stopwatch": "~2.2"
            },
            "suggest": {
                "symfony/dependency-injection": "",
                "symfony/http-kernel": ""
            },
            "type": "library",
            "extra": {
                "branch-alias": {
                    "dev-master": "2.5-dev"
                }
            },
            "autoload": {
                "psr-0": {
                    "Symfony\\Component\\EventDispatcher\\": ""
                }
            },
            "notification-url": "https://packagist.org/downloads/",
            "license": [
                "MIT"
            ],
            "authors": [
                {
                    "name": "Fabien Potencier",
                    "email": "fabien@symfony.com",
                    "homepage": "http://fabien.potencier.org",
                    "role": "Lead Developer"
                },
                {
                    "name": "Symfony Community",
                    "homepage": "http://symfony.com/contributors"
                }
            ],
            "description": "Symfony EventDispatcher Component",
            "homepage": "http://symfony.com",
            "time": "2014-07-09 09:05:48"
        },
        {
            "name": "symfony/filesystem",
            "version": "v2.5.2",
            "target-dir": "Symfony/Component/Filesystem",
            "source": {
                "type": "git",
                "url": "https://github.com/symfony/Filesystem.git",
                "reference": "c1309b0ee195ad264a4314435bdaecdfacb8ae9c"
            },
            "dist": {
                "type": "zip",
                "url": "https://api.github.com/repos/symfony/Filesystem/zipball/c1309b0ee195ad264a4314435bdaecdfacb8ae9c",
                "reference": "c1309b0ee195ad264a4314435bdaecdfacb8ae9c",
                "shasum": ""
            },
            "require": {
                "php": ">=5.3.3"
            },
            "type": "library",
            "extra": {
                "branch-alias": {
                    "dev-master": "2.5-dev"
                }
            },
            "autoload": {
                "psr-0": {
                    "Symfony\\Component\\Filesystem\\": ""
                }
            },
            "notification-url": "https://packagist.org/downloads/",
            "license": [
                "MIT"
            ],
            "authors": [
                {
                    "name": "Fabien Potencier",
                    "email": "fabien@symfony.com",
                    "homepage": "http://fabien.potencier.org",
                    "role": "Lead Developer"
                },
                {
                    "name": "Symfony Community",
                    "homepage": "http://symfony.com/contributors"
                }
            ],
            "description": "Symfony Filesystem Component",
            "homepage": "http://symfony.com",
            "time": "2014-07-09 09:05:48"
        },
        {
            "name": "symfony/finder",
            "version": "v2.5.2",
            "target-dir": "Symfony/Component/Finder",
            "source": {
                "type": "git",
                "url": "https://github.com/symfony/Finder.git",
                "reference": "576d8f69feec477067e91b6bd0367c113e76a1a0"
            },
            "dist": {
                "type": "zip",
                "url": "https://api.github.com/repos/symfony/Finder/zipball/576d8f69feec477067e91b6bd0367c113e76a1a0",
                "reference": "576d8f69feec477067e91b6bd0367c113e76a1a0",
                "shasum": ""
            },
            "require": {
                "php": ">=5.3.3"
            },
            "type": "library",
            "extra": {
                "branch-alias": {
                    "dev-master": "2.5-dev"
                }
            },
            "autoload": {
                "psr-0": {
                    "Symfony\\Component\\Finder\\": ""
                }
            },
            "notification-url": "https://packagist.org/downloads/",
            "license": [
                "MIT"
            ],
            "authors": [
                {
                    "name": "Fabien Potencier",
                    "email": "fabien@symfony.com",
                    "homepage": "http://fabien.potencier.org",
                    "role": "Lead Developer"
                },
                {
                    "name": "Symfony Community",
                    "homepage": "http://symfony.com/contributors"
                }
            ],
            "description": "Symfony Finder Component",
            "homepage": "http://symfony.com",
            "time": "2014-07-15 14:15:12"
        },
        {
            "name": "symfony/process",
            "version": "v2.5.2",
            "target-dir": "Symfony/Component/Process",
            "source": {
                "type": "git",
                "url": "https://github.com/symfony/Process.git",
                "reference": "5e53efbf61a7fbf73c79e3e08feea50f64c20bfa"
            },
            "dist": {
                "type": "zip",
                "url": "https://api.github.com/repos/symfony/Process/zipball/5e53efbf61a7fbf73c79e3e08feea50f64c20bfa",
                "reference": "5e53efbf61a7fbf73c79e3e08feea50f64c20bfa",
                "shasum": ""
            },
            "require": {
                "php": ">=5.3.3"
            },
            "type": "library",
            "extra": {
                "branch-alias": {
                    "dev-master": "2.5-dev"
                }
            },
            "autoload": {
                "psr-0": {
                    "Symfony\\Component\\Process\\": ""
                }
            },
            "notification-url": "https://packagist.org/downloads/",
            "license": [
                "MIT"
            ],
            "authors": [
                {
                    "name": "Fabien Potencier",
                    "email": "fabien@symfony.com",
                    "homepage": "http://fabien.potencier.org",
                    "role": "Lead Developer"
                },
                {
                    "name": "Symfony Community",
                    "homepage": "http://symfony.com/contributors"
                }
            ],
            "description": "Symfony Process Component",
            "homepage": "http://symfony.com",
            "time": "2014-07-09 09:05:48"
        }
    ],
    "aliases": [

    ],
    "minimum-stability": "stable",
    "stability-flags": {
        "fabpot/php-cs-fixer": 20,
        "beelab/bowerphp": 15
    },
    "prefer-stable": false,
    "platform": {
        "php": ">5.4"
    },
    "platform-dev": [

    ]
}
